# generated by rye
# use `rye lock` or `rye sync` to update this lockfile
#
# last locked with the following flags:
#   pre: false
#   features: []
#   all-features: false
#   with-sources: false
#   generate-hashes: false
#   universal: false

-e file:.
babel==2.17.0
    # via mkdocs-git-revision-date-localized-plugin
    # via mkdocs-material
backrefs==5.8
    # via mkdocs-material
certifi==2025.1.31
    # via requests
charset-normalizer==3.4.1
    # via requests
click==8.1.8
    # via mkdocs
colorama==0.4.6
    # via mkdocs-material
csscompressor==0.9.5
    # via mkdocs-minify-plugin
ghp-import==2.1.0
    # via mkdocs
gitdb==4.0.12
    # via gitpython
gitpython==3.1.44
    # via mkdocs-git-revision-date-localized-plugin
htmlmin2==0.1.13
    # via mkdocs-minify-plugin
idna==3.10
    # via requests
jinja2==3.1.6
    # via mkdocs
    # via mkdocs-material
jsmin==3.0.1
    # via mkdocs-minify-plugin
lxml==5.3.2
    # via mkdocs-video
markdown==3.8
    # via mkdocs
    # via mkdocs-material
    # via pymdown-extensions
markupsafe==3.0.2
    # via jinja2
    # via mkdocs
mergedeep==1.3.4
    # via mkdocs
    # via mkdocs-get-deps
mkdocs==1.6.1
    # via mkdocs-git-authors-plugin
    # via mkdocs-git-revision-date-localized-plugin
    # via mkdocs-material
    # via mkdocs-minify-plugin
    # via mkdocs-section-index
    # via mkdocs-video
    # via roo-code-test
mkdocs-get-deps==0.2.0
    # via mkdocs
mkdocs-git-authors-plugin==0.9.4
    # via roo-code-test
mkdocs-git-revision-date-localized-plugin==1.4.5
    # via roo-code-test
mkdocs-material==9.6.12
    # via roo-code-test
mkdocs-material-extensions==1.3.1
    # via mkdocs-material
mkdocs-minify-plugin==0.8.0
    # via roo-code-test
mkdocs-section-index==0.3.10
    # via roo-code-test
mkdocs-video==1.5.0
    # via roo-code-test
numpy==2.2.5
    # via roo-code-test
packaging==25.0
    # via mkdocs
paginate==0.5.7
    # via mkdocs-material
pathspec==0.12.1
    # via mkdocs
platformdirs==4.3.7
    # via mkdocs-get-deps
pygame==2.6.1
    # via roo-code-test
pygments==2.19.1
    # via mkdocs-material
pymdown-extensions==10.14.3
    # via mkdocs-material
python-dateutil==2.9.0.post0
    # via ghp-import
pytz==2025.2
    # via mkdocs-git-revision-date-localized-plugin
pyyaml==6.0.2
    # via mkdocs
    # via mkdocs-get-deps
    # via pymdown-extensions
    # via pyyaml-env-tag
pyyaml-env-tag==0.1
    # via mkdocs
requests==2.32.3
    # via mkdocs-material
six==1.17.0
    # via python-dateutil
smmap==5.0.2
    # via gitdb
urllib3==2.4.0
    # via requests
watchdog==6.0.0
    # via mkdocs
